
Microsoft Visual Studio Solution File, Format Version 12.00
# Visual Studio 15
Project("{FAE04EC0-301F-11D3-BF4B-00C04F79EFBC}") = "ffof", "ffof\ffof.csproj", "{31BD4EC8-A2CD-4AE5-96B9-BF81586B61FF}"
EndProject
Project("{FAE04EC0-301F-11D3-BF4B-00C04F79EFBC}") = "ffof.Android", "ffof.Android\ffof.Android.csproj", "{B443568E-0969-4093-B0D7-831BA13B9197}"
EndProject
Project("{FAE04EC0-301F-11D3-BF4B-00C04F79EFBC}") = "ffof.iOS", "ffof.iOS\ffof.iOS.csproj", "{054D1C13-BEC4-4B86-B7BF-5A1CDCBAE384}"
EndProject
Global
	GlobalSection(SolutionConfigurationPlatforms) = preSolution
		Debug|Any CPU = Debug|Any CPU
		Release|Any CPU = Release|Any CPU
		Debug|iPhoneSimulator = Debug|iPhoneSimulator
		Release|iPhoneSimulator = Release|iPhoneSimulator
		Debug|iPhone = Debug|iPhone
		Release|iPhone = Release|iPhone
	EndGlobalSection
	GlobalSection(ProjectConfigurationPlatforms) = postSolution
		{31BD4EC8-A2CD-4AE5-96B9-BF81586B61FF}.Debug|Any CPU.ActiveCfg = Debug|Any CPU
		{31BD4EC8-A2CD-4AE5-96B9-BF81586B61FF}.Debug|Any CPU.Build.0 = Debug|Any CPU
		{31BD4EC8-A2CD-4AE5-96B9-BF81586B61FF}.Release|Any CPU.ActiveCfg = Release|Any CPU
		{31BD4EC8-A2CD-4AE5-96B9-BF81586B61FF}.Release|Any CPU.Build.0 = Release|Any CPU
		{31BD4EC8-A2CD-4AE5-96B9-BF81586B61FF}.Debug|iPhoneSimulator.ActiveCfg = Debug|Any CPU
		{31BD4EC8-A2CD-4AE5-96B9-BF81586B61FF}.Debug|iPhoneSimulator.Build.0 = Debug|Any CPU
		{31BD4EC8-A2CD-4AE5-96B9-BF81586B61FF}.Release|iPhoneSimulator.ActiveCfg = Release|Any CPU
		{31BD4EC8-A2CD-4AE5-96B9-BF81586B61FF}.Release|iPhoneSimulator.Build.0 = Release|Any CPU
		{31BD4EC8-A2CD-4AE5-96B9-BF81586B61FF}.Debug|iPhone.ActiveCfg = Debug|Any CPU
		{31BD4EC8-A2CD-4AE5-96B9-BF81586B61FF}.Debug|iPhone.Build.0 = Debug|Any CPU
		{31BD4EC8-A2CD-4AE5-96B9-BF81586B61FF}.Release|iPhone.ActiveCfg = Release|Any CPU
		{31BD4EC8-A2CD-4AE5-96B9-BF81586B61FF}.Release|iPhone.Build.0 = Release|Any CPU
		{B443568E-0969-4093-B0D7-831BA13B9197}.Debug|Any CPU.ActiveCfg = Debug|Any CPU
		{B443568E-0969-4093-B0D7-831BA13B9197}.Debug|Any CPU.Build.0 = Debug|Any CPU
		{B443568E-0969-4093-B0D7-831BA13B9197}.Release|Any CPU.ActiveCfg = Release|Any CPU
		{B443568E-0969-4093-B0D7-831BA13B9197}.Release|Any CPU.Build.0 = Release|Any CPU
		{B443568E-0969-4093-B0D7-831BA13B9197}.Debug|iPhoneSimulator.ActiveCfg = Debug|Any CPU
		{B443568E-0969-4093-B0D7-831BA13B9197}.Debug|iPhoneSimulator.Build.0 = Debug|Any CPU
		{B443568E-0969-4093-B0D7-831BA13B9197}.Release|iPhoneSimulator.ActiveCfg = Release|Any CPU
		{B443568E-0969-4093-B0D7-831BA13B9197}.Release|iPhoneSimulator.Build.0 = Release|Any CPU
		{B443568E-0969-4093-B0D7-831BA13B9197}.Debug|iPhone.ActiveCfg = Debug|Any CPU
		{B443568E-0969-4093-B0D7-831BA13B9197}.Debug|iPhone.Build.0 = Debug|Any CPU
		{B443568E-0969-4093-B0D7-831BA13B9197}.Release|iPhone.ActiveCfg = Release|Any CPU
		{B443568E-0969-4093-B0D7-831BA13B9197}.Release|iPhone.Build.0 = Release|Any CPU
		{054D1C13-BEC4-4B86-B7BF-5A1CDCBAE384}.Debug|Any CPU.ActiveCfg = Debug|iPhoneSimulator
		{054D1C13-BEC4-4B86-B7BF-5A1CDCBAE384}.Debug|Any CPU.Build.0 = Debug|iPhoneSimulator
		{054D1C13-BEC4-4B86-B7BF-5A1CDCBAE384}.Release|Any CPU.ActiveCfg = Release|iPhoneSimulator
		{054D1C13-BEC4-4B86-B7BF-5A1CDCBAE384}.Release|Any CPU.Build.0 = Release|iPhoneSimulator
		{054D1C13-BEC4-4B86-B7BF-5A1CDCBAE384}.Debug|iPhoneSimulator.ActiveCfg = Debug|iPhoneSimulator
		{054D1C13-BEC4-4B86-B7BF-5A1CDCBAE384}.Debug|iPhoneSimulator.Build.0 = Debug|iPhoneSimulator
		{054D1C13-BEC4-4B86-B7BF-5A1CDCBAE384}.Release|iPhoneSimulator.ActiveCfg = Release|iPhoneSimulator
		{054D1C13-BEC4-4B86-B7BF-5A1CDCBAE384}.Release|iPhoneSimulator.Build.0 = Release|iPhoneSimulator
		{054D1C13-BEC4-4B86-B7BF-5A1CDCBAE384}.Debug|iPhone.ActiveCfg = Debug|iPhone
		{054D1C13-BEC4-4B86-B7BF-5A1CDCBAE384}.Debug|iPhone.Build.0 = Debug|iPhone
		{054D1C13-BEC4-4B86-B7BF-5A1CDCBAE384}.Release|iPhone.ActiveCfg = Release|iPhone
		{054D1C13-BEC4-4B86-B7BF-5A1CDCBAE384}.Release|iPhone.Build.0 = Release|iPhone
	EndGlobalSection
EndGlobal
